
Microsoft Visual Studio Solution File, Format Version 12.00
# Visual Studio Express 2012 for Web
Project("{FAE04EC0-301F-11D3-BF4B-00C04F79EFBC}") = "PFGE", "PFGE\PFGE.csproj", "{06FE00CA-995D-47A1-8A67-62316A523C04}"
EndProject
Global
	GlobalSection(SolutionConfigurationPlatforms) = preSolution
		Debug|Any CPU = Debug|Any CPU
		Release|Any CPU = Release|Any CPU
	EndGlobalSection
	GlobalSection(ProjectConfigurationPlatforms) = postSolution
		{06FE00CA-995D-47A1-8A67-62316A523C04}.Debug|Any CPU.ActiveCfg = Debug|Any CPU
		{06FE00CA-995D-47A1-8A67-62316A523C04}.Debug|Any CPU.Build.0 = Debug|Any CPU
		{06FE00CA-995D-47A1-8A67-62316A523C04}.Release|Any CPU.ActiveCfg = Release|Any CPU
		{06FE00CA-995D-47A1-8A67-62316A523C04}.Release|Any CPU.Build.0 = Release|Any CPU
	EndGlobalSection
	GlobalSection(SolutionProperties) = preSolution
		HideSolutionNode = FALSE
	EndGlobalSection
EndGlobal
